// !$*UTF8*$!
{
	archiveVersion = 1;
	classes = {
	};
	objectVersion = 46;
	objects = {

/* Begin PBXBuildFile section */
		483E4EA4C464E1C00B01910F /* libPods-Weather.a in Frameworks */ = {isa = PBXBuildFile; fileRef = 32530FEB8D6B6CAC4B7B7E11 /* libPods-Weather.a */; };
		8633B0811BDF46D9007103D1 /* main.m in Sources */ = {isa = PBXBuildFile; fileRef = 8633B0801BDF46D9007103D1 /* main.m */; };
		8633B0841BDF46D9007103D1 /* AppDelegate.m in Sources */ = {isa = PBXBuildFile; fileRef = 8633B0831BDF46D9007103D1 /* AppDelegate.m */; };
		8633B0871BDF46D9007103D1 /* ViewController.m in Sources */ = {isa = PBXBuildFile; fileRef = 8633B0861BDF46D9007103D1 /* ViewController.m */; };
		8633B08A1BDF46D9007103D1 /* Main.storyboard in Resources */ = {isa = PBXBuildFile; fileRef = 8633B0881BDF46D9007103D1 /* Main.storyboard */; };
		8633B08C1BDF46D9007103D1 /* Assets.xcassets in Resources */ = {isa = PBXBuildFile; fileRef = 8633B08B1BDF46D9007103D1 /* Assets.xcassets */; };
		8633B08F1BDF46D9007103D1 /* LaunchScreen.storyboard in Resources */ = {isa = PBXBuildFile; fileRef = 8633B08D1BDF46D9007103D1 /* LaunchScreen.storyboard */; };
		8633B09A1BDF46D9007103D1 /* WeatherTests.m in Sources */ = {isa = PBXBuildFile; fileRef = 8633B0991BDF46D9007103D1 /* WeatherTests.m */; };
		8633B0A51BDF46D9007103D1 /* WeatherUITests.m in Sources */ = {isa = PBXBuildFile; fileRef = 8633B0A41BDF46D9007103D1 /* WeatherUITests.m */; };
		8633B0B41BDF47F3007103D1 /* WXController.m in Sources */ = {isa = PBXBuildFile; fileRef = 8633B0B31BDF47F3007103D1 /* WXController.m */; };
		8633B0D11BDF48BB007103D1 /* bg.png in Resources */ = {isa = PBXBuildFile; fileRef = 8633B0B61BDF48BB007103D1 /* bg.png */; };
		8633B0D21BDF48BB007103D1 /* bg@2x.png in Resources */ = {isa = PBXBuildFile; fileRef = 8633B0B71BDF48BB007103D1 /* bg@2x.png */; };
		8633B0D31BDF48BB007103D1 /* weather-broken.png in Resources */ = {isa = PBXBuildFile; fileRef = 8633B0B91BDF48BB007103D1 /* weather-broken.png */; };
		8633B0D41BDF48BB007103D1 /* weather-broken@2x.png in Resources */ = {isa = PBXBuildFile; fileRef = 8633B0BA1BDF48BB007103D1 /* weather-broken@2x.png */; };
		8633B0D51BDF48BB007103D1 /* weather-clear.png in Resources */ = {isa = PBXBuildFile; fileRef = 8633B0BB1BDF48BB007103D1 /* weather-clear.png */; };
		8633B0D61BDF48BB007103D1 /* weather-clear@2x.png in Resources */ = {isa = PBXBuildFile; fileRef = 8633B0BC1BDF48BB007103D1 /* weather-clear@2x.png */; };
		8633B0D71BDF48BB007103D1 /* weather-few-night.png in Resources */ = {isa = PBXBuildFile; fileRef = 8633B0BD1BDF48BB007103D1 /* weather-few-night.png */; };
		8633B0D81BDF48BB007103D1 /* weather-few-night@2x.png in Resources */ = {isa = PBXBuildFile; fileRef = 8633B0BE1BDF48BB007103D1 /* weather-few-night@2x.png */; };
		8633B0D91BDF48BB007103D1 /* weather-few.png in Resources */ = {isa = PBXBuildFile; fileRef = 8633B0BF1BDF48BB007103D1 /* weather-few.png */; };
		8633B0DA1BDF48BB007103D1 /* weather-few@2x.png in Resources */ = {isa = PBXBuildFile; fileRef = 8633B0C01BDF48BB007103D1 /* weather-few@2x.png */; };
		8633B0DB1BDF48BB007103D1 /* weather-mist.png in Resources */ = {isa = PBXBuildFile; fileRef = 8633B0C11BDF48BB007103D1 /* weather-mist.png */; };
		8633B0DC1BDF48BB007103D1 /* weather-mist@2x.png in Resources */ = {isa = PBXBuildFile; fileRef = 8633B0C21BDF48BB007103D1 /* weather-mist@2x.png */; };
		8633B0DD1BDF48BB007103D1 /* weather-moon.png in Resources */ = {isa = PBXBuildFile; fileRef = 8633B0C31BDF48BB007103D1 /* weather-moon.png */; };
		8633B0DE1BDF48BB007103D1 /* weather-moon@2x.png in Resources */ = {isa = PBXBuildFile; fileRef = 8633B0C41BDF48BB007103D1 /* weather-moon@2x.png */; };
		8633B0DF1BDF48BB007103D1 /* weather-rain-night.png in Resources */ = {isa = PBXBuildFile; fileRef = 8633B0C51BDF48BB007103D1 /* weather-rain-night.png */; };
		8633B0E01BDF48BB007103D1 /* weather-rain-night@2x.png in Resources */ = {isa = PBXBuildFile; fileRef = 8633B0C61BDF48BB007103D1 /* weather-rain-night@2x.png */; };
		8633B0E11BDF48BB007103D1 /* weather-rain.png in Resources */ = {isa = PBXBuildFile; fileRef = 8633B0C71BDF48BB007103D1 /* weather-rain.png */; };
		8633B0E21BDF48BB007103D1 /* weather-rain@2x.png in Resources */ = {isa = PBXBuildFile; fileRef = 8633B0C81BDF48BB007103D1 /* weather-rain@2x.png */; };
		8633B0E31BDF48BB007103D1 /* weather-scattered.png in Resources */ = {isa = PBXBuildFile; fileRef = 8633B0C91BDF48BB007103D1 /* weather-scattered.png */; };
		8633B0E41BDF48BB007103D1 /* weather-scattered@2x.png in Resources */ = {isa = PBXBuildFile; fileRef = 8633B0CA1BDF48BB007103D1 /* weather-scattered@2x.png */; };
		8633B0E51BDF48BB007103D1 /* weather-shower.png in Resources */ = {isa = PBXBuildFile; fileRef = 8633B0CB1BDF48BB007103D1 /* weather-shower.png */; };
		8633B0E61BDF48BB007103D1 /* weather-shower@2x.png in Resources */ = {isa = PBXBuildFile; fileRef = 8633B0CC1BDF48BB007103D1 /* weather-shower@2x.png */; };
		8633B0E71BDF48BB007103D1 /* weather-snow.png in Resources */ = {isa = PBXBuildFile; fileRef = 8633B0CD1BDF48BB007103D1 /* weather-snow.png */; };
		8633B0E81BDF48BB007103D1 /* weather-snow@2x.png in Resources */ = {isa = PBXBuildFile; fileRef = 8633B0CE1BDF48BB007103D1 /* weather-snow@2x.png */; };
		8633B0E91BDF48BB007103D1 /* weather-tstorm.png in Resources */ = {isa = PBXBuildFile; fileRef = 8633B0CF1BDF48BB007103D1 /* weather-tstorm.png */; };
		8633B0EA1BDF48BB007103D1 /* weather-tstorm@2x.png in Resources */ = {isa = PBXBuildFile; fileRef = 8633B0D01BDF48BB007103D1 /* weather-tstorm@2x.png */; };
		8633B0ED1BDF495E007103D1 /* WXClient.m in Sources */ = {isa = PBXBuildFile; fileRef = 8633B0EC1BDF495E007103D1 /* WXClient.m */; };
		8633B0F01BDF497C007103D1 /* WXManager.m in Sources */ = {isa = PBXBuildFile; fileRef = 8633B0EF1BDF497C007103D1 /* WXManager.m */; };
		8633B0F31BDF4997007103D1 /* WXCondition.m in Sources */ = {isa = PBXBuildFile; fileRef = 8633B0F21BDF4997007103D1 /* WXCondition.m */; };
		8633B0F61BDF49B0007103D1 /* WXDailyForecast.m in Sources */ = {isa = PBXBuildFile; fileRef = 8633B0F51BDF49B0007103D1 /* WXDailyForecast.m */; };
/* End PBXBuildFile section */

/* Begin PBXContainerItemProxy section */
		8633B0961BDF46D9007103D1 /* PBXContainerItemProxy */ = {
			isa = PBXContainerItemProxy;
			containerPortal = 8633B0741BDF46D9007103D1 /* Project object */;
			proxyType = 1;
			remoteGlobalIDString = 8633B07B1BDF46D9007103D1;
			remoteInfo = Weather;
		};
		8633B0A11BDF46D9007103D1 /* PBXContainerItemProxy */ = {
			isa = PBXContainerItemProxy;
			containerPortal = 8633B0741BDF46D9007103D1 /* Project object */;
			proxyType = 1;
			remoteGlobalIDString = 8633B07B1BDF46D9007103D1;
			remoteInfo = Weather;
		};
/* End PBXContainerItemProxy section */

/* Begin PBXFileReference section */
		2E68343977005D51547EDCE5 /* Pods-Weather.release.xcconfig */ = {isa = PBXFileReference; includeInIndex = 1; lastKnownFileType = text.xcconfig; name = "Pods-Weather.release.xcconfig"; path = "Pods/Target Support Files/Pods-Weather/Pods-Weather.release.xcconfig"; sourceTree = "<group>"; };
		32530FEB8D6B6CAC4B7B7E11 /* libPods-Weather.a */ = {isa = PBXFileReference; explicitFileType = archive.ar; includeInIndex = 0; path = "libPods-Weather.a"; sourceTree = BUILT_PRODUCTS_DIR; };
		8633B07C1BDF46D9007103D1 /* Weather.app */ = {isa = PBXFileReference; explicitFileType = wrapper.application; includeInIndex = 0; path = Weather.app; sourceTree = BUILT_PRODUCTS_DIR; };
		8633B0801BDF46D9007103D1 /* main.m */ = {isa = PBXFileReference; lastKnownFileType = sourcecode.c.objc; path = main.m; sourceTree = "<group>"; };
		8633B0821BDF46D9007103D1 /* AppDelegate.h */ = {isa = PBXFileReference; lastKnownFileType = sourcecode.c.h; path = AppDelegate.h; sourceTree = "<group>"; };
		8633B0831BDF46D9007103D1 /* AppDelegate.m */ = {isa = PBXFileReference; lastKnownFileType = sourcecode.c.objc; path = AppDelegate.m; sourceTree = "<group>"; };
		8633B0851BDF46D9007103D1 /* ViewController.h */ = {isa = PBXFileReference; lastKnownFileType = sourcecode.c.h; path = ViewController.h; sourceTree = "<group>"; };
		8633B0861BDF46D9007103D1 /* ViewController.m */ = {isa = PBXFileReference; lastKnownFileType = sourcecode.c.objc; path = ViewController.m; sourceTree = "<group>"; };
		8633B0891BDF46D9007103D1 /* Base */ = {isa = PBXFileReference; lastKnownFileType = file.storyboard; name = Base; path = Base.lproj/Main.storyboard; sourceTree = "<group>"; };
		8633B08B1BDF46D9007103D1 /* Assets.xcassets */ = {isa = PBXFileReference; lastKnownFileType = folder.assetcatalog; path = Assets.xcassets; sourceTree = "<group>"; };
		8633B08E1BDF46D9007103D1 /* Base */ = {isa = PBXFileReference; lastKnownFileType = file.storyboard; name = Base; path = Base.lproj/LaunchScreen.storyboard; sourceTree = "<group>"; };
		8633B0901BDF46D9007103D1 /* Info.plist */ = {isa = PBXFileReference; lastKnownFileType = text.plist.xml; path = Info.plist; sourceTree = "<group>"; };
		8633B0951BDF46D9007103D1 /* WeatherTests.xctest */ = {isa = PBXFileReference; explicitFileType = wrapper.cfbundle; includeInIndex = 0; path = WeatherTests.xctest; sourceTree = BUILT_PRODUCTS_DIR; };
		8633B0991BDF46D9007103D1 /* WeatherTests.m */ = {isa = PBXFileReference; lastKnownFileType = sourcecode.c.objc; path = WeatherTests.m; sourceTree = "<group>"; };
		8633B09B1BDF46D9007103D1 /* Info.plist */ = {isa = PBXFileReference; lastKnownFileType = text.plist.xml; path = Info.plist; sourceTree = "<group>"; };
		8633B0A01BDF46D9007103D1 /* WeatherUITests.xctest */ = {isa = PBXFileReference; explicitFileType = wrapper.cfbundle; includeInIndex = 0; path = WeatherUITests.xctest; sourceTree = BUILT_PRODUCTS_DIR; };
		8633B0A41BDF46D9007103D1 /* WeatherUITests.m */ = {isa = PBXFileReference; lastKnownFileType = sourcecode.c.objc; path = WeatherUITests.m; sourceTree = "<group>"; };
		8633B0A61BDF46D9007103D1 /* Info.plist */ = {isa = PBXFileReference; lastKnownFileType = text.plist.xml; path = Info.plist; sourceTree = "<group>"; };
		8633B0B21BDF47F3007103D1 /* WXController.h */ = {isa = PBXFileReference; fileEncoding = 4; lastKnownFileType = sourcecode.c.h; path = WXController.h; sourceTree = "<group>"; };
		8633B0B31BDF47F3007103D1 /* WXController.m */ = {isa = PBXFileReference; fileEncoding = 4; lastKnownFileType = sourcecode.c.objc; path = WXController.m; sourceTree = "<group>"; };
		8633B0B61BDF48BB007103D1 /* bg.png */ = {isa = PBXFileReference; lastKnownFileType = image.png; path = bg.png; sourceTree = "<group>"; };
		8633B0B71BDF48BB007103D1 /* bg@2x.png */ = {isa = PBXFileReference; lastKnownFileType = image.png; path = "bg@2x.png"; sourceTree = "<group>"; };
		8633B0B91BDF48BB007103D1 /* weather-broken.png */ = {isa = PBXFileReference; lastKnownFileType = image.png; path = "weather-broken.png"; sourceTree = "<group>"; };
		8633B0BA1BDF48BB007103D1 /* weather-broken@2x.png */ = {isa = PBXFileReference; lastKnownFileType = image.png; path = "weather-broken@2x.png"; sourceTree = "<group>"; };
		8633B0BB1BDF48BB007103D1 /* weather-clear.png */ = {isa = PBXFileReference; lastKnownFileType = image.png; path = "weather-clear.png"; sourceTree = "<group>"; };
		8633B0BC1BDF48BB007103D1 /* weather-clear@2x.png */ = {isa = PBXFileReference; lastKnownFileType = image.png; path = "weather-clear@2x.png"; sourceTree = "<group>"; };
		8633B0BD1BDF48BB007103D1 /* weather-few-night.png */ = {isa = PBXFileReference; lastKnownFileType = image.png; path = "weather-few-night.png"; sourceTree = "<group>"; };
		8633B0BE1BDF48BB007103D1 /* weather-few-night@2x.png */ = {isa = PBXFileReference; lastKnownFileType = image.png; path = "weather-few-night@2x.png"; sourceTree = "<group>"; };
		8633B0BF1BDF48BB007103D1 /* weather-few.png */ = {isa = PBXFileReference; lastKnownFileType = image.png; path = "weather-few.png"; sourceTree = "<group>"; };
		8633B0C01BDF48BB007103D1 /* weather-few@2x.png */ = {isa = PBXFileReference; lastKnownFileType = image.png; path = "weather-few@2x.png"; sourceTree = "<group>"; };
		8633B0C11BDF48BB007103D1 /* weather-mist.png */ = {isa = PBXFileReference; lastKnownFileType = image.png; path = "weather-mist.png"; sourceTree = "<group>"; };
		8633B0C21BDF48BB007103D1 /* weather-mist@2x.png */ = {isa = PBXFileReference; lastKnownFileType = image.png; path = "weather-mist@2x.png"; sourceTree = "<group>"; };
		8633B0C31BDF48BB007103D1 /* weather-moon.png */ = {isa = PBXFileReference; lastKnownFileType = image.png; path = "weather-moon.png"; sourceTree = "<group>"; };
		8633B0C41BDF48BB007103D1 /* weather-moon@2x.png */ = {isa = PBXFileReference; lastKnownFileType = image.png; path = "weather-moon@2x.png"; sourceTree = "<group>"; };
		8633B0C51BDF48BB007103D1 /* weather-rain-night.png */ = {isa = PBXFileReference; lastKnownFileType = image.png; path = "weather-rain-night.png"; sourceTree = "<group>"; };
		8633B0C61BDF48BB007103D1 /* weather-rain-night@2x.png */ = {isa = PBXFileReference; lastKnownFileType = image.png; path = "weather-rain-night@2x.png"; sourceTree = "<group>"; };
		8633B0C71BDF48BB007103D1 /* weather-rain.png */ = {isa = PBXFileReference; lastKnownFileType = image.png; path = "weather-rain.png"; sourceTree = "<group>"; };
		8633B0C81BDF48BB007103D1 /* weather-rain@2x.png */ = {isa = PBXFileReference; lastKnownFileType = image.png; path = "weather-rain@2x.png"; sourceTree = "<group>"; };
		8633B0C91BDF48BB007103D1 /* weather-scattered.png */ = {isa = PBXFileReference; lastKnownFileType = image.png; path = "weather-scattered.png"; sourceTree = "<group>"; };
		8633B0CA1BDF48BB007103D1 /* weather-scattered@2x.png */ = {isa = PBXFileReference; lastKnownFileType = image.png; path = "weather-scattered@2x.png"; sourceTree = "<group>"; };
		8633B0CB1BDF48BB007103D1 /* weather-shower.png */ = {isa = PBXFileReference; lastKnownFileType = image.png; path = "weather-shower.png"; sourceTree = "<group>"; };
		8633B0CC1BDF48BB007103D1 /* weather-shower@2x.png */ = {isa = PBXFileReference; lastKnownFileType = image.png; path = "weather-shower@2x.png"; sourceTree = "<group>"; };
		8633B0CD1BDF48BB007103D1 /* weather-snow.png */ = {isa = PBXFileReference; lastKnownFileType = image.png; path = "weather-snow.png"; sourceTree = "<group>"; };
		8633B0CE1BDF48BB007103D1 /* weather-snow@2x.png */ = {isa = PBXFileReference; lastKnownFileType = image.png; path = "weather-snow@2x.png"; sourceTree = "<group>"; };
		8633B0CF1BDF48BB007103D1 /* weather-tstorm.png */ = {isa = PBXFileReference; lastKnownFileType = image.png; path = "weather-tstorm.png"; sourceTree = "<group>"; };
		8633B0D01BDF48BB007103D1 /* weather-tstorm@2x.png */ = {isa = PBXFileReference; lastKnownFileType = image.png; path = "weather-tstorm@2x.png"; sourceTree = "<group>"; };
		8633B0EB1BDF495E007103D1 /* WXClient.h */ = {isa = PBXFileReference; fileEncoding = 4; lastKnownFileType = sourcecode.c.h; path = WXClient.h; sourceTree = "<group>"; };
		8633B0EC1BDF495E007103D1 /* WXClient.m */ = {isa = PBXFileReference; fileEncoding = 4; lastKnownFileType = sourcecode.c.objc; path = WXClient.m; sourceTree = "<group>"; };
		8633B0EE1BDF497C007103D1 /* WXManager.h */ = {isa = PBXFileReference; fileEncoding = 4; lastKnownFileType = sourcecode.c.h; path = WXManager.h; sourceTree = "<group>"; };
		8633B0EF1BDF497C007103D1 /* WXManager.m */ = {isa = PBXFileReference; fileEncoding = 4; lastKnownFileType = sourcecode.c.objc; path = WXManager.m; sourceTree = "<group>"; };
		8633B0F11BDF4997007103D1 /* WXCondition.h */ = {isa = PBXFileReference; fileEncoding = 4; lastKnownFileType = sourcecode.c.h; path = WXCondition.h; sourceTree = "<group>"; };
		8633B0F21BDF4997007103D1 /* WXCondition.m */ = {isa = PBXFileReference; fileEncoding = 4; lastKnownFileType = sourcecode.c.objc; path = WXCondition.m; sourceTree = "<group>"; };
		8633B0F41BDF49B0007103D1 /* WXDailyForecast.h */ = {isa = PBXFileReference; fileEncoding = 4; lastKnownFileType = sourcecode.c.h; path = WXDailyForecast.h; sourceTree = "<group>"; };
		8633B0F51BDF49B0007103D1 /* WXDailyForecast.m */ = {isa = PBXFileReference; fileEncoding = 4; lastKnownFileType = sourcecode.c.objc; path = WXDailyForecast.m; sourceTree = "<group>"; };
		89321B94174ACC5B5E889B23 /* Pods-Weather.debug.xcconfig */ = {isa = PBXFileReference; includeInIndex = 1; lastKnownFileType = text.xcconfig; name = "Pods-Weather.debug.xcconfig"; path = "Pods/Target Support Files/Pods-Weather/Pods-Weather.debug.xcconfig"; sourceTree = "<group>"; };
/* End PBXFileReference section */

/* Begin PBXFrameworksBuildPhase section */
		8633B0791BDF46D9007103D1 /* Frameworks */ = {
			isa = PBXFrameworksBuildPhase;
			buildActionMask = 2147483647;
			files = (
				483E4EA4C464E1C00B01910F /* libPods-Weather.a in Frameworks */,
			);
			runOnlyForDeploymentPostprocessing = 0;
		};
		8633B0921BDF46D9007103D1 /* Frameworks */ = {
			isa = PBXFrameworksBuildPhase;
			buildActionMask = 2147483647;
			files = (
			);
			runOnlyForDeploymentPostprocessing = 0;
		};
		8633B09D1BDF46D9007103D1 /* Frameworks */ = {
			isa = PBXFrameworksBuildPhase;
			buildActionMask = 2147483647;
			files = (
			);
			runOnlyForDeploymentPostprocessing = 0;
		};
/* End PBXFrameworksBuildPhase section */

/* Begin PBXGroup section */
		83D9BBD63D8A9918DAE1DDA8 /* Pods */ = {
			isa = PBXGroup;
			children = (
				89321B94174ACC5B5E889B23 /* Pods-Weather.debug.xcconfig */,
				2E68343977005D51547EDCE5 /* Pods-Weather.release.xcconfig */,
			);
			name = Pods;
			sourceTree = "<group>";
		};
		8633B0731BDF46D9007103D1 = {
			isa = PBXGroup;
			children = (
				8633B0B51BDF48BB007103D1 /* Images-2 */,
				8633B07E1BDF46D9007103D1 /* Weather */,
				8633B0981BDF46D9007103D1 /* WeatherTests */,
				8633B0A31BDF46D9007103D1 /* WeatherUITests */,
				8633B07D1BDF46D9007103D1 /* Products */,
				83D9BBD63D8A9918DAE1DDA8 /* Pods */,
				CF26ED7A17BF370BE134C2C9 /* Frameworks */,
			);
			sourceTree = "<group>";
		};
		8633B07D1BDF46D9007103D1 /* Products */ = {
			isa = PBXGroup;
			children = (
				8633B07C1BDF46D9007103D1 /* Weather.app */,
				8633B0951BDF46D9007103D1 /* WeatherTests.xctest */,
				8633B0A01BDF46D9007103D1 /* WeatherUITests.xctest */,
			);
			name = Products;
			sourceTree = "<group>";
		};
		8633B07E1BDF46D9007103D1 /* Weather */ = {
			isa = PBXGroup;
			children = (
				8633B0821BDF46D9007103D1 /* AppDelegate.h */,
				8633B0831BDF46D9007103D1 /* AppDelegate.m */,
				8633B0851BDF46D9007103D1 /* ViewController.h */,
				8633B0861BDF46D9007103D1 /* ViewController.m */,
				8633B0881BDF46D9007103D1 /* Main.storyboard */,
				8633B08B1BDF46D9007103D1 /* Assets.xcassets */,
				8633B08D1BDF46D9007103D1 /* LaunchScreen.storyboard */,
				8633B0901BDF46D9007103D1 /* Info.plist */,
				8633B07F1BDF46D9007103D1 /* Supporting Files */,
				8633B0B21BDF47F3007103D1 /* WXController.h */,
				8633B0B31BDF47F3007103D1 /* WXController.m */,
				8633B0EB1BDF495E007103D1 /* WXClient.h */,
				8633B0EC1BDF495E007103D1 /* WXClient.m */,
				8633B0EE1BDF497C007103D1 /* WXManager.h */,
				8633B0EF1BDF497C007103D1 /* WXManager.m */,
				8633B0F11BDF4997007103D1 /* WXCondition.h */,
				8633B0F21BDF4997007103D1 /* WXCondition.m */,
				8633B0F41BDF49B0007103D1 /* WXDailyForecast.h */,
				8633B0F51BDF49B0007103D1 /* WXDailyForecast.m */,
			);
			path = Weather;
			sourceTree = "<group>";
		};
		8633B07F1BDF46D9007103D1 /* Supporting Files */ = {
			isa = PBXGroup;
			children = (
				8633B0801BDF46D9007103D1 /* main.m */,
			);
			name = "Supporting Files";
			sourceTree = "<group>";
		};
		8633B0981BDF46D9007103D1 /* WeatherTests */ = {
			isa = PBXGroup;
			children = (
				8633B0991BDF46D9007103D1 /* WeatherTests.m */,
				8633B09B1BDF46D9007103D1 /* Info.plist */,
			);
			path = WeatherTests;
			sourceTree = "<group>";
		};
		8633B0A31BDF46D9007103D1 /* WeatherUITests */ = {
			isa = PBXGroup;
			children = (
				8633B0A41BDF46D9007103D1 /* WeatherUITests.m */,
				8633B0A61BDF46D9007103D1 /* Info.plist */,
			);
			path = WeatherUITests;
			sourceTree = "<group>";
		};
		8633B0B51BDF48BB007103D1 /* Images-2 */ = {
			isa = PBXGroup;
			children = (
				8633B0B61BDF48BB007103D1 /* bg.png */,
				8633B0B71BDF48BB007103D1 /* bg@2x.png */,
				8633B0B81BDF48BB007103D1 /* Weather Icons */,
			);
			path = "Images-2";
			sourceTree = "<group>";
		};
		8633B0B81BDF48BB007103D1 /* Weather Icons */ = {
			isa = PBXGroup;
			children = (
				8633B0B91BDF48BB007103D1 /* weather-broken.png */,
				8633B0BA1BDF48BB007103D1 /* weather-broken@2x.png */,
				8633B0BB1BDF48BB007103D1 /* weather-clear.png */,
				8633B0BC1BDF48BB007103D1 /* weather-clear@2x.png */,
				8633B0BD1BDF48BB007103D1 /* weather-few-night.png */,
				8633B0BE1BDF48BB007103D1 /* weather-few-night@2x.png */,
				8633B0BF1BDF48BB007103D1 /* weather-few.png */,
				8633B0C01BDF48BB007103D1 /* weather-few@2x.png */,
				8633B0C11BDF48BB007103D1 /* weather-mist.png */,
				8633B0C21BDF48BB007103D1 /* weather-mist@2x.png */,
				8633B0C31BDF48BB007103D1 /* weather-moon.png */,
				8633B0C41BDF48BB007103D1 /* weather-moon@2x.png */,
				8633B0C51BDF48BB007103D1 /* weather-rain-night.png */,
				8633B0C61BDF48BB007103D1 /* weather-rain-night@2x.png */,
				8633B0C71BDF48BB007103D1 /* weather-rain.png */,
				8633B0C81BDF48BB007103D1 /* weather-rain@2x.png */,
				8633B0C91BDF48BB007103D1 /* weather-scattered.png */,
				8633B0CA1BDF48BB007103D1 /* weather-scattered@2x.png */,
				8633B0CB1BDF48BB007103D1 /* weather-shower.png */,
				8633B0CC1BDF48BB007103D1 /* weather-shower@2x.png */,
				8633B0CD1BDF48BB007103D1 /* weather-snow.png */,
				8633B0CE1BDF48BB007103D1 /* weather-snow@2x.png */,
				8633B0CF1BDF48BB007103D1 /* weather-tstorm.png */,
				8633B0D01BDF48BB007103D1 /* weather-tstorm@2x.png */,
			);
			path = "Weather Icons";
			sourceTree = "<group>";
		};
		CF26ED7A17BF370BE134C2C9 /* Frameworks */ = {
			isa = PBXGroup;
			children = (
				32530FEB8D6B6CAC4B7B7E11 /* libPods-Weather.a */,
			);
			name = Frameworks;
			sourceTree = "<group>";
		};
/* End PBXGroup section */

/* Begin PBXNativeTarget section */
		8633B07B1BDF46D9007103D1 /* Weather */ = {
			isa = PBXNativeTarget;
			buildConfigurationList = 8633B0A91BDF46D9007103D1 /* Build configuration list for PBXNativeTarget "Weather" */;
			buildPhases = (
				CFEAE44127F75AAFCDAF3751 /* Check Pods Manifest.lock */,
				8633B0781BDF46D9007103D1 /* Sources */,
				8633B0791BDF46D9007103D1 /* Frameworks */,
				8633B07A1BDF46D9007103D1 /* Resources */,
				F00622016565E8A6C6A87DC8 /* Embed Pods Frameworks */,
				A07D39B5F30C34834E61A6AC /* Copy Pods Resources */,
			);
			buildRules = (
			);
			dependencies = (
			);
			name = Weather;
			productName = Weather;
			productReference = 8633B07C1BDF46D9007103D1 /* Weather.app */;
			productType = "com.apple.product-type.application";
		};
		8633B0941BDF46D9007103D1 /* WeatherTests */ = {
			isa = PBXNativeTarget;
			buildConfigurationList = 8633B0AC1BDF46D9007103D1 /* Build configuration list for PBXNativeTarget "WeatherTests" */;
			buildPhases = (
				8633B0911BDF46D9007103D1 /* Sources */,
				8633B0921BDF46D9007103D1 /* Frameworks */,
				8633B0931BDF46D9007103D1 /* Resources */,
			);
			buildRules = (
			);
			dependencies = (
				8633B0971BDF46D9007103D1 /* PBXTargetDependency */,
			);
			name = WeatherTests;
			productName = WeatherTests;
			productReference = 8633B0951BDF46D9007103D1 /* WeatherTests.xctest */;
			productType = "com.apple.product-type.bundle.unit-test";
		};
		8633B09F1BDF46D9007103D1 /* WeatherUITests */ = {
			isa = PBXNativeTarget;
			buildConfigurationList = 8633B0AF1BDF46D9007103D1 /* Build configuration list for PBXNativeTarget "WeatherUITests" */;
			buildPhases = (
				8633B09C1BDF46D9007103D1 /* Sources */,
				8633B09D1BDF46D9007103D1 /* Frameworks */,
				8633B09E1BDF46D9007103D1 /* Resources */,
			);
			buildRules = (
			);
			dependencies = (
				8633B0A21BDF46D9007103D1 /* PBXTargetDependency */,
			);
			name = WeatherUITests;
			productName = WeatherUITests;
			productReference = 8633B0A01BDF46D9007103D1 /* WeatherUITests.xctest */;
			productType = "com.apple.product-type.bundle.ui-testing";
		};
/* End PBXNativeTarget section */

/* Begin PBXProject section */
		8633B0741BDF46D9007103D1 /* Project object */ = {
			isa = PBXProject;
			attributes = {
				LastUpgradeCheck = 0710;
				ORGANIZATIONNAME = Chenyang;
				TargetAttributes = {
					8633B07B1BDF46D9007103D1 = {
						CreatedOnToolsVersion = 7.1;
					};
					8633B0941BDF46D9007103D1 = {
						CreatedOnToolsVersion = 7.1;
						TestTargetID = 8633B07B1BDF46D9007103D1;
					};
					8633B09F1BDF46D9007103D1 = {
						CreatedOnToolsVersion = 7.1;
						TestTargetID = 8633B07B1BDF46D9007103D1;
					};
				};
			};
			buildConfigurationList = 8633B0771BDF46D9007103D1 /* Build configuration list for PBXProject "Weather" */;
			compatibilityVersion = "Xcode 3.2";
			developmentRegion = English;
			hasScannedForEncodings = 0;
			knownRegions = (
				en,
				Base,
			);
			mainGroup = 8633B0731BDF46D9007103D1;
			productRefGroup = 8633B07D1BDF46D9007103D1 /* Products */;
			projectDirPath = "";
			projectRoot = "";
			targets = (
				8633B07B1BDF46D9007103D1 /* Weather */,
				8633B0941BDF46D9007103D1 /* WeatherTests */,
				8633B09F1BDF46D9007103D1 /* WeatherUITests */,
			);
		};
/* End PBXProject section */

/* Begin PBXResourcesBuildPhase section */
		8633B07A1BDF46D9007103D1 /* Resources */ = {
			isa = PBXResourcesBuildPhase;
			buildActionMask = 2147483647;
			files = (
				8633B0D51BDF48BB007103D1 /* weather-clear.png in Resources */,
				8633B0D91BDF48BB007103D1 /* weather-few.png in Resources */,
				8633B0E11BDF48BB007103D1 /* weather-rain.png in Resources */,
				8633B08F1BDF46D9007103D1 /* LaunchScreen.storyboard in Resources */,
				8633B0DA1BDF48BB007103D1 /* weather-few@2x.png in Resources */,
				8633B0D41BDF48BB007103D1 /* weather-broken@2x.png in Resources */,
				8633B0DB1BDF48BB007103D1 /* weather-mist.png in Resources */,
				8633B0E91BDF48BB007103D1 /* weather-tstorm.png in Resources */,
				8633B0EA1BDF48BB007103D1 /* weather-tstorm@2x.png in Resources */,
				8633B08C1BDF46D9007103D1 /* Assets.xcassets in Resources */,
				8633B0D11BDF48BB007103D1 /* bg.png in Resources */,
				8633B0DE1BDF48BB007103D1 /* weather-moon@2x.png in Resources */,
				8633B0E51BDF48BB007103D1 /* weather-shower.png in Resources */,
				8633B0E71BDF48BB007103D1 /* weather-snow.png in Resources */,
				8633B0E81BDF48BB007103D1 /* weather-snow@2x.png in Resources */,
				8633B0D31BDF48BB007103D1 /* weather-broken.png in Resources */,
				8633B0DD1BDF48BB007103D1 /* weather-moon.png in Resources */,
				8633B0D81BDF48BB007103D1 /* weather-few-night@2x.png in Resources */,
				8633B0E41BDF48BB007103D1 /* weather-scattered@2x.png in Resources */,
				8633B0D71BDF48BB007103D1 /* weather-few-night.png in Resources */,
				8633B08A1BDF46D9007103D1 /* Main.storyboard in Resources */,
				8633B0D61BDF48BB007103D1 /* weather-clear@2x.png in Resources */,
				8633B0DC1BDF48BB007103D1 /* weather-mist@2x.png in Resources */,
				8633B0D21BDF48BB007103D1 /* bg@2x.png in Resources */,
				8633B0E61BDF48BB007103D1 /* weather-shower@2x.png in Resources */,
				8633B0E31BDF48BB007103D1 /* weather-scattered.png in Resources */,
				8633B0E21BDF48BB007103D1 /* weather-rain@2x.png in Resources */,
				8633B0DF1BDF48BB007103D1 /* weather-rain-night.png in Resources */,
				8633B0E01BDF48BB007103D1 /* weather-rain-night@2x.png in Resources */,
			);
			runOnlyForDeploymentPostprocessing = 0;
		};
		8633B0931BDF46D9007103D1 /* Resources */ = {
			isa = PBXResourcesBuildPhase;
			buildActionMask = 2147483647;
			files = (
			);
			runOnlyForDeploymentPostprocessing = 0;
		};
		8633B09E1BDF46D9007103D1 /* Resources */ = {
			isa = PBXResourcesBuildPhase;
			buildActionMask = 2147483647;
			files = (
			);
			runOnlyForDeploymentPostprocessing = 0;
		};
/* End PBXResourcesBuildPhase section */

/* Begin PBXShellScriptBuildPhase section */
		A07D39B5F30C34834E61A6AC /* Copy Pods Resources */ = {
			isa = PBXShellScriptBuildPhase;
			buildActionMask = 2147483647;
			files = (
			);
			inputPaths = (
			);
			name = "Copy Pods Resources";
			outputPaths = (
			);
			runOnlyForDeploymentPostprocessing = 0;
			shellPath = /bin/sh;
			shellScript = "\"${SRCROOT}/Pods/Target Support Files/Pods-Weather/Pods-Weather-resources.sh\"\n";
			showEnvVarsInLog = 0;
		};
		CFEAE44127F75AAFCDAF3751 /* Check Pods Manifest.lock */ = {
			isa = PBXShellScriptBuildPhase;
			buildActionMask = 2147483647;
			files = (
			);
			inputPaths = (
			);
			name = "Check Pods Manifest.lock";
			outputPaths = (
			);
			runOnlyForDeploymentPostprocessing = 0;
			shellPath = /bin/sh;
			shellScript = "diff \"${PODS_ROOT}/../Podfile.lock\" \"${PODS_ROOT}/Manifest.lock\" > /dev/null\nif [[ $? != 0 ]] ; then\n    cat << EOM\nerror: The sandbox is not in sync with the Podfile.lock. Run 'pod install' or update your CocoaPods installation.\nEOM\n    exit 1\nfi\n";
			showEnvVarsInLog = 0;
		};
		F00622016565E8A6C6A87DC8 /* Embed Pods Frameworks */ = {
			isa = PBXShellScriptBuildPhase;
			buildActionMask = 2147483647;
			files = (
			);
			inputPaths = (
			);
			name = "Embed Pods Frameworks";
			outputPaths = (
			);
			runOnlyForDeploymentPostprocessing = 0;
			shellPath = /bin/sh;
			shellScript = "\"${SRCROOT}/Pods/Target Support Files/Pods-Weather/Pods-Weather-frameworks.sh\"\n";
			showEnvVarsInLog = 0;
		};
/* End PBXShellScriptBuildPhase section */

/* Begin PBXSourcesBuildPhase section */
		8633B0781BDF46D9007103D1 /* Sources */ = {
			isa = PBXSourcesBuildPhase;
			buildActionMask = 2147483647;
			files = (
				8633B0F01BDF497C007103D1 /* WXManager.m in Sources */,
				8633B0B41BDF47F3007103D1 /* WXController.m in Sources */,
				8633B0871BDF46D9007103D1 /* ViewController.m in Sources */,
				8633B0ED1BDF495E007103D1 /* WXClient.m in Sources */,
				8633B0841BDF46D9007103D1 /* AppDelegate.m in Sources */,
				8633B0F61BDF49B0007103D1 /* WXDailyForecast.m in Sources */,
				8633B0811BDF46D9007103D1 /* main.m in Sources */,
				8633B0F31BDF4997007103D1 /* WXCondition.m in Sources */,
			);
			runOnlyForDeploymentPostprocessing = 0;
		};
		8633B0911BDF46D9007103D1 /* Sources */ = {
			isa = PBXSourcesBuildPhase;
			buildActionMask = 2147483647;
			files = (
				8633B09A1BDF46D9007103D1 /* WeatherTests.m in Sources */,
			);
			runOnlyForDeploymentPostprocessing = 0;
		};
		8633B09C1BDF46D9007103D1 /* Sources */ = {
			isa = PBXSourcesBuildPhase;
			buildActionMask = 2147483647;
			files = (
				8633B0A51BDF46D9007103D1 /* WeatherUITests.m in Sources */,
			);
			runOnlyForDeploymentPostprocessing = 0;
		};
/* End PBXSourcesBuildPhase section */

/* Begin PBXTargetDependency section */
		8633B0971BDF46D9007103D1 /* PBXTargetDependency */ = {
			isa = PBXTargetDependency;
			target = 8633B07B1BDF46D9007103D1 /* Weather */;
			targetProxy = 8633B0961BDF46D9007103D1 /* PBXContainerItemProxy */;
		};
		8633B0A21BDF46D9007103D1 /* PBXTargetDependency */ = {
			isa = PBXTargetDependency;
			target = 8633B07B1BDF46D9007103D1 /* Weather */;
			targetProxy = 8633B0A11BDF46D9007103D1 /* PBXContainerItemProxy */;
		};
/* End PBXTargetDependency section */

/* Begin PBXVariantGroup section */
		8633B0881BDF46D9007103D1 /* Main.storyboard */ = {
			isa = PBXVariantGroup;
			children = (
				8633B0891BDF46D9007103D1 /* Base */,
			);
			name = Main.storyboard;
			sourceTree = "<group>";
		};
		8633B08D1BDF46D9007103D1 /* LaunchScreen.storyboard */ = {
			isa = PBXVariantGroup;
			children = (
				8633B08E1BDF46D9007103D1 /* Base */,
			);
			name = LaunchScreen.storyboard;
			sourceTree = "<group>";
		};
/* End PBXVariantGroup section */

/* Begin XCBuildConfiguration section */
		8633B0A71BDF46D9007103D1 /* Debug */ = {
			isa = XCBuildConfiguration;
			buildSettings = {
				ALWAYS_SEARCH_USER_PATHS = NO;
				CLANG_CXX_LANGUAGE_STANDARD = "gnu++0x";
				CLANG_CXX_LIBRARY = "libc++";
				CLANG_ENABLE_MODULES = YES;
				CLANG_ENABLE_OBJC_ARC = YES;
				CLANG_WARN_BOOL_CONVERSION = YES;
				CLANG_WARN_CONSTANT_CONVERSION = YES;
				CLANG_WARN_DIRECT_OBJC_ISA_USAGE = YES_ERROR;
				CLANG_WARN_EMPTY_BODY = YES;
				CLANG_WARN_ENUM_CONVERSION = YES;
				CLANG_WARN_INT_CONVERSION = YES;
				CLANG_WARN_OBJC_ROOT_CLASS = YES_ERROR;
				CLANG_WARN_UNREACHABLE_CODE = YES;
				CLANG_WARN__DUPLICATE_METHOD_MATCH = YES;
				"CODE_SIGN_IDENTITY[sdk=iphoneos*]" = "iPhone Developer";
				COPY_PHASE_STRIP = NO;
				DEBUG_INFORMATION_FORMAT = dwarf;
				ENABLE_STRICT_OBJC_MSGSEND = YES;
				ENABLE_TESTABILITY = YES;
				GCC_C_LANGUAGE_STANDARD = gnu99;
				GCC_DYNAMIC_NO_PIC = NO;
				GCC_NO_COMMON_BLOCKS = YES;
				GCC_OPTIMIZATION_LEVEL = 0;
				GCC_PREPROCESSOR_DEFINITIONS = (
					"DEBUG=1",
					"$(inherited)",
				);
				GCC_WARN_64_TO_32_BIT_CONVERSION = YES;
				GCC_WARN_ABOUT_RETURN_TYPE = YES_ERROR;
				GCC_WARN_UNDECLARED_SELECTOR = YES;
				GCC_WARN_UNINITIALIZED_AUTOS = YES_AGGRESSIVE;
				GCC_WARN_UNUSED_FUNCTION = YES;
				GCC_WARN_UNUSED_VARIABLE = YES;
				IPHONEOS_DEPLOYMENT_TARGET = 9.1;
				MTL_ENABLE_DEBUG_INFO = YES;
				ONLY_ACTIVE_ARCH = YES;
				SDKROOT = iphoneos;
			};
			name = Debug;
		};
		8633B0A81BDF46D9007103D1 /* Release */ = {
			isa = XCBuildConfiguration;
			buildSettings = {
				ALWAYS_SEARCH_USER_PATHS = NO;
				CLANG_CXX_LANGUAGE_STANDARD = "gnu++0x";
				CLANG_CXX_LIBRARY = "libc++";
				CLANG_ENABLE_MODULES = YES;
				CLANG_ENABLE_OBJC_ARC = YES;
				CLANG_WARN_BOOL_CONVERSION = YES;
				CLANG_WARN_CONSTANT_CONVERSION = YES;
				CLANG_WARN_DIRECT_OBJC_ISA_USAGE = YES_ERROR;
				CLANG_WARN_EMPTY_BODY = YES;
				CLANG_WARN_ENUM_CONVERSION = YES;
				CLANG_WARN_INT_CONVERSION = YES;
				CLANG_WARN_OBJC_ROOT_CLASS = YES_ERROR;
				CLANG_WARN_UNREACHABLE_CODE = YES;
				CLANG_WARN__DUPLICATE_METHOD_MATCH = YES;
				"CODE_SIGN_IDENTITY[sdk=iphoneos*]" = "iPhone Developer";
				COPY_PHASE_STRIP = NO;
				DEBUG_INFORMATION_FORMAT = "dwarf-with-dsym";
				ENABLE_NS_ASSERTIONS = NO;
				ENABLE_STRICT_OBJC_MSGSEND = YES;
				GCC_C_LANGUAGE_STANDARD = gnu99;
				GCC_NO_COMMON_BLOCKS = YES;
				GCC_WARN_64_TO_32_BIT_CONVERSION = YES;
				GCC_WARN_ABOUT_RETURN_TYPE = YES_ERROR;
				GCC_WARN_UNDECLARED_SELECTOR = YES;
				GCC_WARN_UNINITIALIZED_AUTOS = YES_AGGRESSIVE;
				GCC_WARN_UNUSED_FUNCTION = YES;
				GCC_WARN_UNUSED_VARIABLE = YES;
				IPHONEOS_DEPLOYMENT_TARGET = 9.1;
				MTL_ENABLE_DEBUG_INFO = NO;
				SDKROOT = iphoneos;
				VALIDATE_PRODUCT = YES;
			};
			name = Release;
		};
		8633B0AA1BDF46D9007103D1 /* Debug */ = {
			isa = XCBuildConfiguration;
			baseConfigurationReference = 89321B94174ACC5B5E889B23 /* Pods-Weather.debug.xcconfig */;
			buildSettings = {
				ASSETCATALOG_COMPILER_APPICON_NAME = AppIcon;
				INFOPLIST_FILE = Weather/Info.plist;
				LD_RUNPATH_SEARCH_PATHS = "$(inherited) @executable_path/Frameworks";
				PRODUCT_BUNDLE_IDENTIFIER = edu.upenn.cis.Weather;
				PRODUCT_NAME = "$(TARGET_NAME)";
			};
			name = Debug;
		};
		8633B0AB1BDF46D9007103D1 /* Release */ = {
			isa = XCBuildConfiguration;
			baseConfigurationReference = 2E68343977005D51547EDCE5 /* Pods-Weather.release.xcconfig */;
			buildSettings = {
				ASSETCATALOG_COMPILER_APPICON_NAME = AppIcon;
				INFOPLIST_FILE = Weather/Info.plist;
				LD_RUNPATH_SEARCH_PATHS = "$(inherited) @executable_path/Frameworks";
				PRODUCT_BUNDLE_IDENTIFIER = edu.upenn.cis.Weather;
				PRODUCT_NAME = "$(TARGET_NAME)";
			};
			name = Release;
		};
		8633B0AD1BDF46D9007103D1 /* Debug */ = {
			isa = XCBuildConfiguration;
			buildSettings = {
				BUNDLE_LOADER = "$(TEST_HOST)";
				INFOPLIST_FILE = WeatherTests/Info.plist;
				LD_RUNPATH_SEARCH_PATHS = "$(inherited) @executable_path/Frameworks @loader_path/Frameworks";
				PRODUCT_BUNDLE_IDENTIFIER = edu.upenn.cis.WeatherTests;
				PRODUCT_NAME = "$(TARGET_NAME)";
				TEST_HOST = "$(BUILT_PRODUCTS_DIR)/Weather.app/Weather";
			};
			name = Debug;
		};
		8633B0AE1BDF46D9007103D1 /* Release */ = {
			isa = XCBuildConfiguration;
			buildSettings = {
				BUNDLE_LOADER = "$(TEST_HOST)";
				INFOPLIST_FILE = WeatherTests/Info.plist;
				LD_RUNPATH_SEARCH_PATHS = "$(inherited) @executable_path/Frameworks @loader_path/Frameworks";
				PRODUCT_BUNDLE_IDENTIFIER = edu.upenn.cis.WeatherTests;
				PRODUCT_NAME = "$(TARGET_NAME)";
				TEST_HOST = "$(BUILT_PRODUCTS_DIR)/Weather.app/Weather";
			};
			name = Release;
		};
		8633B0B01BDF46D9007103D1 /* Debug */ = {
			isa = XCBuildConfiguration;
			buildSettings = {
				INFOPLIST_FILE = WeatherUITests/Info.plist;
				LD_RUNPATH_SEARCH_PATHS = "$(inherited) @executable_path/Frameworks @loader_path/Frameworks";
				PRODUCT_BUNDLE_IDENTIFIER = edu.upenn.cis.WeatherUITests;
				PRODUCT_NAME = "$(TARGET_NAME)";
				TEST_TARGET_NAME = Weather;
				USES_XCTRUNNER = YES;
			};
			name = Debug;
		};
		8633B0B11BDF46D9007103D1 /* Release */ = {
			isa = XCBuildConfiguration;
			buildSettings = {
				INFOPLIST_FILE = WeatherUITests/Info.plist;
				LD_RUNPATH_SEARCH_PATHS = "$(inherited) @executable_path/Frameworks @loader_path/Frameworks";
				PRODUCT_BUNDLE_IDENTIFIER = edu.upenn.cis.WeatherUITests;
				PRODUCT_NAME = "$(TARGET_NAME)";
				TEST_TARGET_NAME = Weather;
				USES_XCTRUNNER = YES;
			};
			name = Release;
		};
/* End XCBuildConfiguration section */

/* Begin XCConfigurationList section */
		8633B0771BDF46D9007103D1 /* Build configuration list for PBXProject "Weather" */ = {
			isa = XCConfigurationList;
			buildConfigurations = (
				8633B0A71BDF46D9007103D1 /* Debug */,
				8633B0A81BDF46D9007103D1 /* Release */,
			);
			defaultConfigurationIsVisible = 0;
			defaultConfigurationName = Release;
		};
		8633B0A91BDF46D9007103D1 /* Build configuration list for PBXNativeTarget "Weather" */ = {
			isa = XCConfigurationList;
			buildConfigurations = (
				8633B0AA1BDF46D9007103D1 /* Debug */,
				8633B0AB1BDF46D9007103D1 /* Release */,
			);
			defaultConfigurationIsVisible = 0;
			defaultConfigurationName = Release;
		};
		8633B0AC1BDF46D9007103D1 /* Build configuration list for PBXNativeTarget "WeatherTests" */ = {
			isa = XCConfigurationList;
			buildConfigurations = (
				8633B0AD1BDF46D9007103D1 /* Debug */,
				8633B0AE1BDF46D9007103D1 /* Release */,
			);
			defaultConfigurationIsVisible = 0;
			defaultConfigurationName = Release;
		};
		8633B0AF1BDF46D9007103D1 /* Build configuration list for PBXNativeTarget "WeatherUITests" */ = {
			isa = XCConfigurationList;
			buildConfigurations = (
				8633B0B01BDF46D9007103D1 /* Debug */,
				8633B0B11BDF46D9007103D1 /* Release */,
			);
			defaultConfigurationIsVisible = 0;
			defaultConfigurationName = Release;
		};
/* End XCConfigurationList section */
	};
	rootObject = 8633B0741BDF46D9007103D1 /* Project object */;
}
